
Microsoft Visual Studio Solution File, Format Version 12.00
# Visual Studio 15
VisualStudioVersion = 15.0.28307.960
MinimumVisualStudioVersion = 10.0.40219.1
Project("{FAE04EC0-301F-11D3-BF4B-00C04F79EFBC}") = "verify-cn", "verify-cn\verify-cn.csproj", "{0092F207-7327-4F57-960B-C629091FCF7E}"
EndProject
Global
	GlobalSection(SolutionConfigurationPlatforms) = preSolution
		Debug|Any CPU = Debug|Any CPU
		Release|Any CPU = Release|Any CPU
	EndGlobalSection
	GlobalSection(ProjectConfigurationPlatforms) = postSolution
		{0092F207-7327-4F57-960B-C629091FCF7E}.Debug|Any CPU.ActiveCfg = Debug|Any CPU
		{0092F207-7327-4F57-960B-C629091FCF7E}.Debug|Any CPU.Build.0 = Debug|Any CPU
		{0092F207-7327-4F57-960B-C629091FCF7E}.Release|Any CPU.ActiveCfg = Release|Any CPU
		{0092F207-7327-4F57-960B-C629091FCF7E}.Release|Any CPU.Build.0 = Release|Any CPU
	EndGlobalSection
	GlobalSection(SolutionProperties) = preSolution
		HideSolutionNode = FALSE
	EndGlobalSection
	GlobalSection(ExtensibilityGlobals) = postSolution
		SolutionGuid = {EFFB1108-3371-42EB-8861-91FF757CA3B6}
	EndGlobalSection
EndGlobal
